
Microsoft Visual Studio Solution File, Format Version 12.00
# Visual Studio Version 16
VisualStudioVersion = 16.0.29905.134
MinimumVisualStudioVersion = 10.0.40219.1
Project("{FAE04EC0-301F-11D3-BF4B-00C04F79EFBC}") = "LiquidacionUI", "LiquidacionUI\LiquidacionUI.csproj", "{C9DA7E48-8BF7-4D49-8430-9A08A1ED2FE9}"
EndProject
Project("{FAE04EC0-301F-11D3-BF4B-00C04F79EFBC}") = "DAL", "DAL\DAL.csproj", "{13F66458-23EA-47F3-B366-5D416397AF5F}"
EndProject
Project("{FAE04EC0-301F-11D3-BF4B-00C04F79EFBC}") = "Entity", "Entity\Entity.csproj", "{DAE09E56-1609-4702-81D0-5A4B90FFE54E}"
EndProject
Project("{FAE04EC0-301F-11D3-BF4B-00C04F79EFBC}") = "BLL", "BLL\BLL.csproj", "{07901076-FAA4-44E6-A1AA-A626C718AB87}"
EndProject
Global
	GlobalSection(SolutionConfigurationPlatforms) = preSolution
		Debug|Any CPU = Debug|Any CPU
		Release|Any CPU = Release|Any CPU
	EndGlobalSection
	GlobalSection(ProjectConfigurationPlatforms) = postSolution
		{C9DA7E48-8BF7-4D49-8430-9A08A1ED2FE9}.Debug|Any CPU.ActiveCfg = Debug|Any CPU
		{C9DA7E48-8BF7-4D49-8430-9A08A1ED2FE9}.Debug|Any CPU.Build.0 = Debug|Any CPU
		{C9DA7E48-8BF7-4D49-8430-9A08A1ED2FE9}.Release|Any CPU.ActiveCfg = Release|Any CPU
		{C9DA7E48-8BF7-4D49-8430-9A08A1ED2FE9}.Release|Any CPU.Build.0 = Release|Any CPU
		{13F66458-23EA-47F3-B366-5D416397AF5F}.Debug|Any CPU.ActiveCfg = Debug|Any CPU
		{13F66458-23EA-47F3-B366-5D416397AF5F}.Debug|Any CPU.Build.0 = Debug|Any CPU
		{13F66458-23EA-47F3-B366-5D416397AF5F}.Release|Any CPU.ActiveCfg = Release|Any CPU
		{13F66458-23EA-47F3-B366-5D416397AF5F}.Release|Any CPU.Build.0 = Release|Any CPU
		{DAE09E56-1609-4702-81D0-5A4B90FFE54E}.Debug|Any CPU.ActiveCfg = Debug|Any CPU
		{DAE09E56-1609-4702-81D0-5A4B90FFE54E}.Debug|Any CPU.Build.0 = Debug|Any CPU
		{DAE09E56-1609-4702-81D0-5A4B90FFE54E}.Release|Any CPU.ActiveCfg = Release|Any CPU
		{DAE09E56-1609-4702-81D0-5A4B90FFE54E}.Release|Any CPU.Build.0 = Release|Any CPU
		{07901076-FAA4-44E6-A1AA-A626C718AB87}.Debug|Any CPU.ActiveCfg = Debug|Any CPU
		{07901076-FAA4-44E6-A1AA-A626C718AB87}.Debug|Any CPU.Build.0 = Debug|Any CPU
		{07901076-FAA4-44E6-A1AA-A626C718AB87}.Release|Any CPU.ActiveCfg = Release|Any CPU
		{07901076-FAA4-44E6-A1AA-A626C718AB87}.Release|Any CPU.Build.0 = Release|Any CPU
	EndGlobalSection
	GlobalSection(SolutionProperties) = preSolution
		HideSolutionNode = FALSE
	EndGlobalSection
	GlobalSection(ExtensibilityGlobals) = postSolution
		SolutionGuid = {AA7F7F2D-4FA1-465D-8F09-03D54F7759EC}
	EndGlobalSection
EndGlobal
